
Microsoft Visual Studio Solution File, Format Version 12.00
# Visual Studio 15
VisualStudioVersion = 15.0.27428.2027
MinimumVisualStudioVersion = 10.0.40219.1
Project("{FAE04EC0-301F-11D3-BF4B-00C04F79EFBC}") = "wxweb", "wxweb\wxweb.csproj", "{658FFD49-A26C-427E-81B8-E1EFFDAF414D}"
EndProject
Project("{FAE04EC0-301F-11D3-BF4B-00C04F79EFBC}") = "DAL", "DAL\DAL.csproj", "{BB2BF0DF-AADF-41CE-B10B-EB5355EB882D}"
EndProject
Project("{FAE04EC0-301F-11D3-BF4B-00C04F79EFBC}") = "common", "common\common.csproj", "{C9E915A2-C87D-4F71-BB9D-A6EF3A646D7B}"
EndProject
Project("{FAE04EC0-301F-11D3-BF4B-00C04F79EFBC}") = "API", "API\API.csproj", "{0A1E3C79-3CB8-4AA0-B3BB-D267CA715D99}"
EndProject
Project("{FAE04EC0-301F-11D3-BF4B-00C04F79EFBC}") = "wxPlatForm", "wxPlatForm\wxPlatForm.csproj", "{AAC2B29F-D6F4-446E-9076-E7FC3EF25DF9}"
EndProject
Global
	GlobalSection(SolutionConfigurationPlatforms) = preSolution
		Debug|Any CPU = Debug|Any CPU
		Debug|ARM = Debug|ARM
		Debug|x64 = Debug|x64
		Debug|x86 = Debug|x86
		Release|Any CPU = Release|Any CPU
		Release|ARM = Release|ARM
		Release|x64 = Release|x64
		Release|x86 = Release|x86
	EndGlobalSection
	GlobalSection(ProjectConfigurationPlatforms) = postSolution
		{658FFD49-A26C-427E-81B8-E1EFFDAF414D}.Debug|Any CPU.ActiveCfg = Debug|Any CPU
		{658FFD49-A26C-427E-81B8-E1EFFDAF414D}.Debug|Any CPU.Build.0 = Debug|Any CPU
		{658FFD49-A26C-427E-81B8-E1EFFDAF414D}.Debug|ARM.ActiveCfg = Debug|Any CPU
		{658FFD49-A26C-427E-81B8-E1EFFDAF414D}.Debug|ARM.Build.0 = Debug|Any CPU
		{658FFD49-A26C-427E-81B8-E1EFFDAF414D}.Debug|x64.ActiveCfg = Debug|Any CPU
		{658FFD49-A26C-427E-81B8-E1EFFDAF414D}.Debug|x64.Build.0 = Debug|Any CPU
		{658FFD49-A26C-427E-81B8-E1EFFDAF414D}.Debug|x86.ActiveCfg = Debug|Any CPU
		{658FFD49-A26C-427E-81B8-E1EFFDAF414D}.Debug|x86.Build.0 = Debug|Any CPU
		{658FFD49-A26C-427E-81B8-E1EFFDAF414D}.Release|Any CPU.ActiveCfg = Release|Any CPU
		{658FFD49-A26C-427E-81B8-E1EFFDAF414D}.Release|Any CPU.Build.0 = Release|Any CPU
		{658FFD49-A26C-427E-81B8-E1EFFDAF414D}.Release|ARM.ActiveCfg = Release|Any CPU
		{658FFD49-A26C-427E-81B8-E1EFFDAF414D}.Release|ARM.Build.0 = Release|Any CPU
		{658FFD49-A26C-427E-81B8-E1EFFDAF414D}.Release|x64.ActiveCfg = Release|Any CPU
		{658FFD49-A26C-427E-81B8-E1EFFDAF414D}.Release|x64.Build.0 = Release|Any CPU
		{658FFD49-A26C-427E-81B8-E1EFFDAF414D}.Release|x86.ActiveCfg = Release|Any CPU
		{658FFD49-A26C-427E-81B8-E1EFFDAF414D}.Release|x86.Build.0 = Release|Any CPU
		{BB2BF0DF-AADF-41CE-B10B-EB5355EB882D}.Debug|Any CPU.ActiveCfg = Debug|Any CPU
		{BB2BF0DF-AADF-41CE-B10B-EB5355EB882D}.Debug|Any CPU.Build.0 = Debug|Any CPU
		{BB2BF0DF-AADF-41CE-B10B-EB5355EB882D}.Debug|ARM.ActiveCfg = Debug|Any CPU
		{BB2BF0DF-AADF-41CE-B10B-EB5355EB882D}.Debug|ARM.Build.0 = Debug|Any CPU
		{BB2BF0DF-AADF-41CE-B10B-EB5355EB882D}.Debug|x64.ActiveCfg = Debug|Any CPU
		{BB2BF0DF-AADF-41CE-B10B-EB5355EB882D}.Debug|x64.Build.0 = Debug|Any CPU
		{BB2BF0DF-AADF-41CE-B10B-EB5355EB882D}.Debug|x86.ActiveCfg = Debug|Any CPU
		{BB2BF0DF-AADF-41CE-B10B-EB5355EB882D}.Debug|x86.Build.0 = Debug|Any CPU
		{BB2BF0DF-AADF-41CE-B10B-EB5355EB882D}.Release|Any CPU.ActiveCfg = Release|Any CPU
		{BB2BF0DF-AADF-41CE-B10B-EB5355EB882D}.Release|Any CPU.Build.0 = Release|Any CPU
		{BB2BF0DF-AADF-41CE-B10B-EB5355EB882D}.Release|ARM.ActiveCfg = Release|Any CPU
		{BB2BF0DF-AADF-41CE-B10B-EB5355EB882D}.Release|ARM.Build.0 = Release|Any CPU
		{BB2BF0DF-AADF-41CE-B10B-EB5355EB882D}.Release|x64.ActiveCfg = Release|Any CPU
		{BB2BF0DF-AADF-41CE-B10B-EB5355EB882D}.Release|x64.Build.0 = Release|Any CPU
		{BB2BF0DF-AADF-41CE-B10B-EB5355EB882D}.Release|x86.ActiveCfg = Release|Any CPU
		{BB2BF0DF-AADF-41CE-B10B-EB5355EB882D}.Release|x86.Build.0 = Release|Any CPU
		{C9E915A2-C87D-4F71-BB9D-A6EF3A646D7B}.Debug|Any CPU.ActiveCfg = Debug|Any CPU
		{C9E915A2-C87D-4F71-BB9D-A6EF3A646D7B}.Debug|Any CPU.Build.0 = Debug|Any CPU
		{C9E915A2-C87D-4F71-BB9D-A6EF3A646D7B}.Debug|ARM.ActiveCfg = Debug|Any CPU
		{C9E915A2-C87D-4F71-BB9D-A6EF3A646D7B}.Debug|ARM.Build.0 = Debug|Any CPU
		{C9E915A2-C87D-4F71-BB9D-A6EF3A646D7B}.Debug|x64.ActiveCfg = Debug|Any CPU
		{C9E915A2-C87D-4F71-BB9D-A6EF3A646D7B}.Debug|x64.Build.0 = Debug|Any CPU
		{C9E915A2-C87D-4F71-BB9D-A6EF3A646D7B}.Debug|x86.ActiveCfg = Debug|Any CPU
		{C9E915A2-C87D-4F71-BB9D-A6EF3A646D7B}.Debug|x86.Build.0 = Debug|Any CPU
		{C9E915A2-C87D-4F71-BB9D-A6EF3A646D7B}.Release|Any CPU.ActiveCfg = Release|Any CPU
		{C9E915A2-C87D-4F71-BB9D-A6EF3A646D7B}.Release|Any CPU.Build.0 = Release|Any CPU
		{C9E915A2-C87D-4F71-BB9D-A6EF3A646D7B}.Release|ARM.ActiveCfg = Release|Any CPU
		{C9E915A2-C87D-4F71-BB9D-A6EF3A646D7B}.Release|ARM.Build.0 = Release|Any CPU
		{C9E915A2-C87D-4F71-BB9D-A6EF3A646D7B}.Release|x64.ActiveCfg = Release|Any CPU
		{C9E915A2-C87D-4F71-BB9D-A6EF3A646D7B}.Release|x64.Build.0 = Release|Any CPU
		{C9E915A2-C87D-4F71-BB9D-A6EF3A646D7B}.Release|x86.ActiveCfg = Release|Any CPU
		{C9E915A2-C87D-4F71-BB9D-A6EF3A646D7B}.Release|x86.Build.0 = Release|Any CPU
		{0A1E3C79-3CB8-4AA0-B3BB-D267CA715D99}.Debug|Any CPU.ActiveCfg = Debug|Any CPU
		{0A1E3C79-3CB8-4AA0-B3BB-D267CA715D99}.Debug|Any CPU.Build.0 = Debug|Any CPU
		{0A1E3C79-3CB8-4AA0-B3BB-D267CA715D99}.Debug|ARM.ActiveCfg = Debug|Any CPU
		{0A1E3C79-3CB8-4AA0-B3BB-D267CA715D99}.Debug|ARM.Build.0 = Debug|Any CPU
		{0A1E3C79-3CB8-4AA0-B3BB-D267CA715D99}.Debug|x64.ActiveCfg = Debug|Any CPU
		{0A1E3C79-3CB8-4AA0-B3BB-D267CA715D99}.Debug|x64.Build.0 = Debug|Any CPU
		{0A1E3C79-3CB8-4AA0-B3BB-D267CA715D99}.Debug|x86.ActiveCfg = Debug|Any CPU
		{0A1E3C79-3CB8-4AA0-B3BB-D267CA715D99}.Debug|x86.Build.0 = Debug|Any CPU
		{0A1E3C79-3CB8-4AA0-B3BB-D267CA715D99}.Release|Any CPU.ActiveCfg = Release|Any CPU
		{0A1E3C79-3CB8-4AA0-B3BB-D267CA715D99}.Release|Any CPU.Build.0 = Release|Any CPU
		{0A1E3C79-3CB8-4AA0-B3BB-D267CA715D99}.Release|ARM.ActiveCfg = Release|Any CPU
		{0A1E3C79-3CB8-4AA0-B3BB-D267CA715D99}.Release|ARM.Build.0 = Release|Any CPU
		{0A1E3C79-3CB8-4AA0-B3BB-D267CA715D99}.Release|x64.ActiveCfg = Release|Any CPU
		{0A1E3C79-3CB8-4AA0-B3BB-D267CA715D99}.Release|x64.Build.0 = Release|Any CPU
		{0A1E3C79-3CB8-4AA0-B3BB-D267CA715D99}.Release|x86.ActiveCfg = Release|Any CPU
		{0A1E3C79-3CB8-4AA0-B3BB-D267CA715D99}.Release|x86.Build.0 = Release|Any CPU
		{AAC2B29F-D6F4-446E-9076-E7FC3EF25DF9}.Debug|Any CPU.ActiveCfg = Debug|Any CPU
		{AAC2B29F-D6F4-446E-9076-E7FC3EF25DF9}.Debug|Any CPU.Build.0 = Debug|Any CPU
		{AAC2B29F-D6F4-446E-9076-E7FC3EF25DF9}.Debug|ARM.ActiveCfg = Debug|Any CPU
		{AAC2B29F-D6F4-446E-9076-E7FC3EF25DF9}.Debug|ARM.Build.0 = Debug|Any CPU
		{AAC2B29F-D6F4-446E-9076-E7FC3EF25DF9}.Debug|x64.ActiveCfg = Debug|Any CPU
		{AAC2B29F-D6F4-446E-9076-E7FC3EF25DF9}.Debug|x64.Build.0 = Debug|Any CPU
		{AAC2B29F-D6F4-446E-9076-E7FC3EF25DF9}.Debug|x86.ActiveCfg = Debug|Any CPU
		{AAC2B29F-D6F4-446E-9076-E7FC3EF25DF9}.Debug|x86.Build.0 = Debug|Any CPU
		{AAC2B29F-D6F4-446E-9076-E7FC3EF25DF9}.Release|Any CPU.ActiveCfg = Release|Any CPU
		{AAC2B29F-D6F4-446E-9076-E7FC3EF25DF9}.Release|Any CPU.Build.0 = Release|Any CPU
		{AAC2B29F-D6F4-446E-9076-E7FC3EF25DF9}.Release|ARM.ActiveCfg = Release|Any CPU
		{AAC2B29F-D6F4-446E-9076-E7FC3EF25DF9}.Release|ARM.Build.0 = Release|Any CPU
		{AAC2B29F-D6F4-446E-9076-E7FC3EF25DF9}.Release|x64.ActiveCfg = Release|Any CPU
		{AAC2B29F-D6F4-446E-9076-E7FC3EF25DF9}.Release|x64.Build.0 = Release|Any CPU
		{AAC2B29F-D6F4-446E-9076-E7FC3EF25DF9}.Release|x86.ActiveCfg = Release|Any CPU
		{AAC2B29F-D6F4-446E-9076-E7FC3EF25DF9}.Release|x86.Build.0 = Release|Any CPU
	EndGlobalSection
	GlobalSection(SolutionProperties) = preSolution
		HideSolutionNode = FALSE
	EndGlobalSection
	GlobalSection(ExtensibilityGlobals) = postSolution
		SolutionGuid = {83AF8FFC-98CC-4875-BD1F-0195105FCC41}
	EndGlobalSection
EndGlobal
